// !$*UTF8*$!
{
	archiveVersion = 1;
	classes = {
	};
	objectVersion = 56;
	objects = {

/* Begin PBXBuildFile section */
		18249D4B2AD0358C00A75E90 /* OrderPriceView.swift in Sources */ = {isa = PBXBuildFile; fileRef = 18249D4A2AD0358C00A75E90 /* OrderPriceView.swift */; };
		18249D4D2AD12CC800A75E90 /* TotalView.swift in Sources */ = {isa = PBXBuildFile; fileRef = 18249D4C2AD12CC800A75E90 /* TotalView.swift */; };
		18249D4F2AD1452900A75E90 /* BuyButtonView.swift in Sources */ = {isa = PBXBuildFile; fileRef = 18249D4E2AD1452900A75E90 /* BuyButtonView.swift */; };
		18249D552AD5014C00A75E90 /* TextFieldForNumberView .swift in Sources */ = {isa = PBXBuildFile; fileRef = 18249D542AD5014C00A75E90 /* TextFieldForNumberView .swift */; };
		18249D572AD5138C00A75E90 /* SelectPostcardsView.swift in Sources */ = {isa = PBXBuildFile; fileRef = 18249D562AD5138C00A75E90 /* SelectPostcardsView.swift */; };
		18249D592AD5864700A75E90 /* ButtonForSelectPostcards.swift in Sources */ = {isa = PBXBuildFile; fileRef = 18249D582AD5864700A75E90 /* ButtonForSelectPostcards.swift */; };
		186BB18B2ACC0E1000533FB4 /* FlowerApp.swift in Sources */ = {isa = PBXBuildFile; fileRef = 186BB18A2ACC0E1000533FB4 /* FlowerApp.swift */; };
		186BB18F2ACC0E1200533FB4 /* Assets.xcassets in Resources */ = {isa = PBXBuildFile; fileRef = 186BB18E2ACC0E1200533FB4 /* Assets.xcassets */; };
		186BB1922ACC0E1200533FB4 /* Preview Assets.xcassets in Resources */ = {isa = PBXBuildFile; fileRef = 186BB1912ACC0E1200533FB4 /* Preview Assets.xcassets */; };
		186BB19D2ACC2BF100533FB4 /* ImageForFlower.swift in Sources */ = {isa = PBXBuildFile; fileRef = 186BB19C2ACC2BF100533FB4 /* ImageForFlower.swift */; };
		186BB19F2ACC2C5400533FB4 /* TextForFlower.swift in Sources */ = {isa = PBXBuildFile; fileRef = 186BB19E2ACC2C5400533FB4 /* TextForFlower.swift */; };
		186BB1A12ACC2C9C00533FB4 /* ButtonsForFlower.swift in Sources */ = {isa = PBXBuildFile; fileRef = 186BB1A02ACC2C9C00533FB4 /* ButtonsForFlower.swift */; };
		186BB1A42ACC2DD100533FB4 /* Auxiliary.swift in Sources */ = {isa = PBXBuildFile; fileRef = 186BB1A32ACC2DD100533FB4 /* Auxiliary.swift */; };
		186BB1A82ACC5F9E00533FB4 /* ButtonForLastOnboarding.swift in Sources */ = {isa = PBXBuildFile; fileRef = 186BB1A72ACC5F9E00533FB4 /* ButtonForLastOnboarding.swift */; };
		186BB1AA2ACD3A6400533FB4 /* DotsIndexView.swift in Sources */ = {isa = PBXBuildFile; fileRef = 186BB1A92ACD3A6400533FB4 /* DotsIndexView.swift */; };
		186BB1AC2ACD57DB00533FB4 /* OnboardingView.swift in Sources */ = {isa = PBXBuildFile; fileRef = 186BB1AB2ACD57DB00533FB4 /* OnboardingView.swift */; };
		186BB1AF2ACE811900533FB4 /* CheckoutView.swift in Sources */ = {isa = PBXBuildFile; fileRef = 186BB1AE2ACE811900533FB4 /* CheckoutView.swift */; };
		186BB1B42ACE83B600533FB4 /* Aid.swift in Sources */ = {isa = PBXBuildFile; fileRef = 186BB1B32ACE83B600533FB4 /* Aid.swift */; };
		186BB1B72ACEABFF00533FB4 /* NavigationBarItemsButton.swift in Sources */ = {isa = PBXBuildFile; fileRef = 186BB1B62ACEABFF00533FB4 /* NavigationBarItemsButton.swift */; };
		186BB1B92ACEB3A200533FB4 /* EntityType.swift in Sources */ = {isa = PBXBuildFile; fileRef = 186BB1B82ACEB3A200533FB4 /* EntityType.swift */; };
		186BB1BB2ACEB69400533FB4 /* PickerView.swift in Sources */ = {isa = PBXBuildFile; fileRef = 186BB1BA2ACEB69400533FB4 /* PickerView.swift */; };
		186BB1BD2ACECE7C00533FB4 /* AddressView.swift in Sources */ = {isa = PBXBuildFile; fileRef = 186BB1BC2ACECE7C00533FB4 /* AddressView.swift */; };
		186BB1C12ACFB4E400533FB4 /* AdditionalInfoView.swift in Sources */ = {isa = PBXBuildFile; fileRef = 186BB1C02ACFB4E400533FB4 /* AdditionalInfoView.swift */; };
		18F79C202ACFB6DD009657A9 /* TextFieldView.swift in Sources */ = {isa = PBXBuildFile; fileRef = 18F79C1F2ACFB6DD009657A9 /* TextFieldView.swift */; };
		18F79C242ACFD821009657A9 /* AddPostcardView.swift in Sources */ = {isa = PBXBuildFile; fileRef = 18F79C232ACFD821009657A9 /* AddPostcardView.swift */; };
		18F79C282ACFFABA009657A9 /* ButtonForNavigation.swift in Sources */ = {isa = PBXBuildFile; fileRef = 18F79C272ACFFABA009657A9 /* ButtonForNavigation.swift */; };
		18F79C302AD008BE009657A9 /* DeliveryPicker.swift in Sources */ = {isa = PBXBuildFile; fileRef = 18F79C2F2AD008BE009657A9 /* DeliveryPicker.swift */; };
		18F79C322AD00A84009657A9 /* TimeChoiceView.swift in Sources */ = {isa = PBXBuildFile; fileRef = 18F79C312AD00A84009657A9 /* TimeChoiceView.swift */; };
/* End PBXBuildFile section */

/* Begin PBXFileReference section */
		18249D4A2AD0358C00A75E90 /* OrderPriceView.swift */ = {isa = PBXFileReference; lastKnownFileType = sourcecode.swift; path = OrderPriceView.swift; sourceTree = "<group>"; };
		18249D4C2AD12CC800A75E90 /* TotalView.swift */ = {isa = PBXFileReference; lastKnownFileType = sourcecode.swift; path = TotalView.swift; sourceTree = "<group>"; };
		18249D4E2AD1452900A75E90 /* BuyButtonView.swift */ = {isa = PBXFileReference; lastKnownFileType = sourcecode.swift; path = BuyButtonView.swift; sourceTree = "<group>"; };
		18249D542AD5014C00A75E90 /* TextFieldForNumberView .swift */ = {isa = PBXFileReference; lastKnownFileType = sourcecode.swift; path = "TextFieldForNumberView .swift"; sourceTree = "<group>"; };
		18249D562AD5138C00A75E90 /* SelectPostcardsView.swift */ = {isa = PBXFileReference; lastKnownFileType = sourcecode.swift; path = SelectPostcardsView.swift; sourceTree = "<group>"; };
		18249D582AD5864700A75E90 /* ButtonForSelectPostcards.swift */ = {isa = PBXFileReference; lastKnownFileType = sourcecode.swift; path = ButtonForSelectPostcards.swift; sourceTree = "<group>"; };
		186BB1872ACC0E1000533FB4 /* Flower.app */ = {isa = PBXFileReference; explicitFileType = wrapper.application; includeInIndex = 0; path = Flower.app; sourceTree = BUILT_PRODUCTS_DIR; };
		186BB18A2ACC0E1000533FB4 /* FlowerApp.swift */ = {isa = PBXFileReference; lastKnownFileType = sourcecode.swift; path = FlowerApp.swift; sourceTree = "<group>"; };
		186BB18E2ACC0E1200533FB4 /* Assets.xcassets */ = {isa = PBXFileReference; lastKnownFileType = folder.assetcatalog; path = Assets.xcassets; sourceTree = "<group>"; };
		186BB1912ACC0E1200533FB4 /* Preview Assets.xcassets */ = {isa = PBXFileReference; lastKnownFileType = folder.assetcatalog; path = "Preview Assets.xcassets"; sourceTree = "<group>"; };
		186BB19C2ACC2BF100533FB4 /* ImageForFlower.swift */ = {isa = PBXFileReference; lastKnownFileType = sourcecode.swift; path = ImageForFlower.swift; sourceTree = "<group>"; };
		186BB19E2ACC2C5400533FB4 /* TextForFlower.swift */ = {isa = PBXFileReference; lastKnownFileType = sourcecode.swift; path = TextForFlower.swift; sourceTree = "<group>"; };
		186BB1A02ACC2C9C00533FB4 /* ButtonsForFlower.swift */ = {isa = PBXFileReference; lastKnownFileType = sourcecode.swift; path = ButtonsForFlower.swift; sourceTree = "<group>"; };
		186BB1A32ACC2DD100533FB4 /* Auxiliary.swift */ = {isa = PBXFileReference; lastKnownFileType = sourcecode.swift; path = Auxiliary.swift; sourceTree = "<group>"; };
		186BB1A72ACC5F9E00533FB4 /* ButtonForLastOnboarding.swift */ = {isa = PBXFileReference; lastKnownFileType = sourcecode.swift; path = ButtonForLastOnboarding.swift; sourceTree = "<group>"; };
		186BB1A92ACD3A6400533FB4 /* DotsIndexView.swift */ = {isa = PBXFileReference; lastKnownFileType = sourcecode.swift; path = DotsIndexView.swift; sourceTree = "<group>"; };
		186BB1AB2ACD57DB00533FB4 /* OnboardingView.swift */ = {isa = PBXFileReference; lastKnownFileType = sourcecode.swift; path = OnboardingView.swift; sourceTree = "<group>"; };
		186BB1AE2ACE811900533FB4 /* CheckoutView.swift */ = {isa = PBXFileReference; lastKnownFileType = sourcecode.swift; path = CheckoutView.swift; sourceTree = "<group>"; };
		186BB1B32ACE83B600533FB4 /* Aid.swift */ = {isa = PBXFileReference; lastKnownFileType = sourcecode.swift; path = Aid.swift; sourceTree = "<group>"; };
		186BB1B62ACEABFF00533FB4 /* NavigationBarItemsButton.swift */ = {isa = PBXFileReference; lastKnownFileType = sourcecode.swift; path = NavigationBarItemsButton.swift; sourceTree = "<group>"; };
		186BB1B82ACEB3A200533FB4 /* EntityType.swift */ = {isa = PBXFileReference; lastKnownFileType = sourcecode.swift; path = EntityType.swift; sourceTree = "<group>"; };
		186BB1BA2ACEB69400533FB4 /* PickerView.swift */ = {isa = PBXFileReference; lastKnownFileType = sourcecode.swift; path = PickerView.swift; sourceTree = "<group>"; };
		186BB1BC2ACECE7C00533FB4 /* AddressView.swift */ = {isa = PBXFileReference; lastKnownFileType = sourcecode.swift; path = AddressView.swift; sourceTree = "<group>"; };
		186BB1C02ACFB4E400533FB4 /* AdditionalInfoView.swift */ = {isa = PBXFileReference; lastKnownFileType = sourcecode.swift; path = AdditionalInfoView.swift; sourceTree = "<group>"; };
		18F79C1F2ACFB6DD009657A9 /* TextFieldView.swift */ = {isa = PBXFileReference; lastKnownFileType = sourcecode.swift; path = TextFieldView.swift; sourceTree = "<group>"; };
		18F79C232ACFD821009657A9 /* AddPostcardView.swift */ = {isa = PBXFileReference; lastKnownFileType = sourcecode.swift; path = AddPostcardView.swift; sourceTree = "<group>"; };
		18F79C272ACFFABA009657A9 /* ButtonForNavigation.swift */ = {isa = PBXFileReference; lastKnownFileType = sourcecode.swift; path = ButtonForNavigation.swift; sourceTree = "<group>"; };
		18F79C2F2AD008BE009657A9 /* DeliveryPicker.swift */ = {isa = PBXFileReference; lastKnownFileType = sourcecode.swift; path = DeliveryPicker.swift; sourceTree = "<group>"; };
		18F79C312AD00A84009657A9 /* TimeChoiceView.swift */ = {isa = PBXFileReference; lastKnownFileType = sourcecode.swift; path = TimeChoiceView.swift; sourceTree = "<group>"; };
/* End PBXFileReference section */

/* Begin PBXFrameworksBuildPhase section */
		186BB1842ACC0E1000533FB4 /* Frameworks */ = {
			isa = PBXFrameworksBuildPhase;
			buildActionMask = 2147483647;
			files = (
			);
			runOnlyForDeploymentPostprocessing = 0;
		};
/* End PBXFrameworksBuildPhase section */

/* Begin PBXGroup section */
		186BB17E2ACC0E1000533FB4 = {
			isa = PBXGroup;
			children = (
				186BB1892ACC0E1000533FB4 /* Flower */,
				186BB1882ACC0E1000533FB4 /* Products */,
			);
			sourceTree = "<group>";
		};
		186BB1882ACC0E1000533FB4 /* Products */ = {
			isa = PBXGroup;
			children = (
				186BB1872ACC0E1000533FB4 /* Flower.app */,
			);
			name = Products;
			sourceTree = "<group>";
		};
		186BB1892ACC0E1000533FB4 /* Flower */ = {
			isa = PBXGroup;
			children = (
				186BB1AD2ACE80D700533FB4 /* Checkout */,
				186BB1982ACC14DB00533FB4 /* Onboarding */,
				186BB18A2ACC0E1000533FB4 /* FlowerApp.swift */,
				186BB18E2ACC0E1200533FB4 /* Assets.xcassets */,
				186BB1902ACC0E1200533FB4 /* Preview Content */,
			);
			path = Flower;
			sourceTree = "<group>";
		};
		186BB1902ACC0E1200533FB4 /* Preview Content */ = {
			isa = PBXGroup;
			children = (
				186BB1912ACC0E1200533FB4 /* Preview Assets.xcassets */,
			);
			path = "Preview Content";
			sourceTree = "<group>";
		};
		186BB1982ACC14DB00533FB4 /* Onboarding */ = {
			isa = PBXGroup;
			children = (
				186BB1A22ACC2DB900533FB4 /* Helper */,
				186BB19B2ACC198B00533FB4 /* Assistant */,
				186BB1AB2ACD57DB00533FB4 /* OnboardingView.swift */,
			);
			path = Onboarding;
			sourceTree = "<group>";
		};
		186BB19B2ACC198B00533FB4 /* Assistant */ = {
			isa = PBXGroup;
			children = (
				186BB19C2ACC2BF100533FB4 /* ImageForFlower.swift */,
				186BB19E2ACC2C5400533FB4 /* TextForFlower.swift */,
				186BB1A02ACC2C9C00533FB4 /* ButtonsForFlower.swift */,
				186BB1A72ACC5F9E00533FB4 /* ButtonForLastOnboarding.swift */,
				186BB1A92ACD3A6400533FB4 /* DotsIndexView.swift */,
			);
			path = Assistant;
			sourceTree = "<group>";
		};
		186BB1A22ACC2DB900533FB4 /* Helper */ = {
			isa = PBXGroup;
			children = (
				186BB1A32ACC2DD100533FB4 /* Auxiliary.swift */,
			);
			path = Helper;
			sourceTree = "<group>";
		};
		186BB1AD2ACE80D700533FB4 /* Checkout */ = {
			isa = PBXGroup;
			children = (
				186BB1B52ACEA9AA00533FB4 /* Assist */,
				186BB1B02ACE81C500533FB4 /* Aid */,
				186BB1AE2ACE811900533FB4 /* CheckoutView.swift */,
			);
			path = Checkout;
			sourceTree = "<group>";
		};
		186BB1B02ACE81C500533FB4 /* Aid */ = {
			isa = PBXGroup;
			children = (
				186BB1B32ACE83B600533FB4 /* Aid.swift */,
				186BB1B82ACEB3A200533FB4 /* EntityType.swift */,
			);
			path = Aid;
			sourceTree = "<group>";
		};
		186BB1B52ACEA9AA00533FB4 /* Assist */ = {
			isa = PBXGroup;
			children = (
				18F79C2C2AD00015009657A9 /* Buttons */,
				18F79C2B2ACFFF30009657A9 /* Delivery */,
				186BB1BA2ACEB69400533FB4 /* PickerView.swift */,
				186BB1BC2ACECE7C00533FB4 /* AddressView.swift */,
				18F79C1F2ACFB6DD009657A9 /* TextFieldView.swift */,
				18249D542AD5014C00A75E90 /* TextFieldForNumberView .swift */,
				186BB1C02ACFB4E400533FB4 /* AdditionalInfoView.swift */,
				18F79C232ACFD821009657A9 /* AddPostcardView.swift */,
				18249D4A2AD0358C00A75E90 /* OrderPriceView.swift */,
				18249D4C2AD12CC800A75E90 /* TotalView.swift */,
				18249D562AD5138C00A75E90 /* SelectPostcardsView.swift */,
			);
			path = Assist;
			sourceTree = "<group>";
		};
		18F79C2B2ACFFF30009657A9 /* Delivery */ = {
			isa = PBXGroup;
			children = (
				18F79C2F2AD008BE009657A9 /* DeliveryPicker.swift */,
				18F79C312AD00A84009657A9 /* TimeChoiceView.swift */,
			);
			path = Delivery;
			sourceTree = "<group>";
		};
		18F79C2C2AD00015009657A9 /* Buttons */ = {
			isa = PBXGroup;
			children = (
				186BB1B62ACEABFF00533FB4 /* NavigationBarItemsButton.swift */,
				18F79C272ACFFABA009657A9 /* ButtonForNavigation.swift */,
				18249D4E2AD1452900A75E90 /* BuyButtonView.swift */,
				18249D582AD5864700A75E90 /* ButtonForSelectPostcards.swift */,
			);
			path = Buttons;
			sourceTree = "<group>";
		};
/* End PBXGroup section */

/* Begin PBXNativeTarget section */
		186BB1862ACC0E1000533FB4 /* Flower */ = {
			isa = PBXNativeTarget;
			buildConfigurationList = 186BB1952ACC0E1200533FB4 /* Build configuration list for PBXNativeTarget "Flower" */;
			buildPhases = (
				186BB1832ACC0E1000533FB4 /* Sources */,
				186BB1842ACC0E1000533FB4 /* Frameworks */,
				186BB1852ACC0E1000533FB4 /* Resources */,
			);
			buildRules = (
			);
			dependencies = (
			);
			name = Flower;
			productName = Flower;
			productReference = 186BB1872ACC0E1000533FB4 /* Flower.app */;
			productType = "com.apple.product-type.application";
		};
/* End PBXNativeTarget section */

/* Begin PBXProject section */
		186BB17F2ACC0E1000533FB4 /* Project object */ = {
			isa = PBXProject;
			attributes = {
				BuildIndependentTargetsInParallel = 1;
				LastSwiftUpdateCheck = 1430;
				LastUpgradeCheck = 1430;
				TargetAttributes = {
					186BB1862ACC0E1000533FB4 = {
						CreatedOnToolsVersion = 14.3.1;
					};
				};
			};
			buildConfigurationList = 186BB1822ACC0E1000533FB4 /* Build configuration list for PBXProject "Flower" */;
			compatibilityVersion = "Xcode 14.0";
			developmentRegion = en;
			hasScannedForEncodings = 0;
			knownRegions = (
				en,
				Base,
			);
			mainGroup = 186BB17E2ACC0E1000533FB4;
			productRefGroup = 186BB1882ACC0E1000533FB4 /* Products */;
			projectDirPath = "";
			projectRoot = "";
			targets = (
				186BB1862ACC0E1000533FB4 /* Flower */,
			);
		};
/* End PBXProject section */

/* Begin PBXResourcesBuildPhase section */
		186BB1852ACC0E1000533FB4 /* Resources */ = {
			isa = PBXResourcesBuildPhase;
			buildActionMask = 2147483647;
			files = (
				186BB1922ACC0E1200533FB4 /* Preview Assets.xcassets in Resources */,
				186BB18F2ACC0E1200533FB4 /* Assets.xcassets in Resources */,
			);
			runOnlyForDeploymentPostprocessing = 0;
		};
/* End PBXResourcesBuildPhase section */

/* Begin PBXSourcesBuildPhase section */
		186BB1832ACC0E1000533FB4 /* Sources */ = {
			isa = PBXSourcesBuildPhase;
			buildActionMask = 2147483647;
			files = (
				18249D572AD5138C00A75E90 /* SelectPostcardsView.swift in Sources */,
				186BB19D2ACC2BF100533FB4 /* ImageForFlower.swift in Sources */,
				18F79C282ACFFABA009657A9 /* ButtonForNavigation.swift in Sources */,
				186BB1A42ACC2DD100533FB4 /* Auxiliary.swift in Sources */,
				18F79C202ACFB6DD009657A9 /* TextFieldView.swift in Sources */,
				186BB1A82ACC5F9E00533FB4 /* ButtonForLastOnboarding.swift in Sources */,
				186BB1B72ACEABFF00533FB4 /* NavigationBarItemsButton.swift in Sources */,
				186BB1AC2ACD57DB00533FB4 /* OnboardingView.swift in Sources */,
				186BB1C12ACFB4E400533FB4 /* AdditionalInfoView.swift in Sources */,
				186BB1AA2ACD3A6400533FB4 /* DotsIndexView.swift in Sources */,
				186BB1B92ACEB3A200533FB4 /* EntityType.swift in Sources */,
				18249D592AD5864700A75E90 /* ButtonForSelectPostcards.swift in Sources */,
				18249D4B2AD0358C00A75E90 /* OrderPriceView.swift in Sources */,
				186BB1BD2ACECE7C00533FB4 /* AddressView.swift in Sources */,
				18249D4F2AD1452900A75E90 /* BuyButtonView.swift in Sources */,
				186BB18B2ACC0E1000533FB4 /* FlowerApp.swift in Sources */,
				186BB1A12ACC2C9C00533FB4 /* ButtonsForFlower.swift in Sources */,
				18249D4D2AD12CC800A75E90 /* TotalView.swift in Sources */,
				18F79C242ACFD821009657A9 /* AddPostcardView.swift in Sources */,
				186BB19F2ACC2C5400533FB4 /* TextForFlower.swift in Sources */,
				18F79C322AD00A84009657A9 /* TimeChoiceView.swift in Sources */,
				186BB1B42ACE83B600533FB4 /* Aid.swift in Sources */,
				18F79C302AD008BE009657A9 /* DeliveryPicker.swift in Sources */,
				18249D552AD5014C00A75E90 /* TextFieldForNumberView .swift in Sources */,
				186BB1AF2ACE811900533FB4 /* CheckoutView.swift in Sources */,
				186BB1BB2ACEB69400533FB4 /* PickerView.swift in Sources */,
			);
			runOnlyForDeploymentPostprocessing = 0;
		};
/* End PBXSourcesBuildPhase section */

/* Begin XCBuildConfiguration section */
		186BB1932ACC0E1200533FB4 /* Debug */ = {
			isa = XCBuildConfiguration;
			buildSettings = {
				ALWAYS_SEARCH_USER_PATHS = NO;
				CLANG_ANALYZER_NONNULL = YES;
				CLANG_ANALYZER_NUMBER_OBJECT_CONVERSION = YES_AGGRESSIVE;
				CLANG_CXX_LANGUAGE_STANDARD = "gnu++20";
				CLANG_ENABLE_MODULES = YES;
				CLANG_ENABLE_OBJC_ARC = YES;
				CLANG_ENABLE_OBJC_WEAK = YES;
				CLANG_WARN_BLOCK_CAPTURE_AUTORELEASING = YES;
				CLANG_WARN_BOOL_CONVERSION = YES;
				CLANG_WARN_COMMA = YES;
				CLANG_WARN_CONSTANT_CONVERSION = YES;
				CLANG_WARN_DEPRECATED_OBJC_IMPLEMENTATIONS = YES;
				CLANG_WARN_DIRECT_OBJC_ISA_USAGE = YES_ERROR;
				CLANG_WARN_DOCUMENTATION_COMMENTS = YES;
				CLANG_WARN_EMPTY_BODY = YES;
				CLANG_WARN_ENUM_CONVERSION = YES;
				CLANG_WARN_INFINITE_RECURSION = YES;
				CLANG_WARN_INT_CONVERSION = YES;
				CLANG_WARN_NON_LITERAL_NULL_CONVERSION = YES;
				CLANG_WARN_OBJC_IMPLICIT_RETAIN_SELF = YES;
				CLANG_WARN_OBJC_LITERAL_CONVERSION = YES;
				CLANG_WARN_OBJC_ROOT_CLASS = YES_ERROR;
				CLANG_WARN_QUOTED_INCLUDE_IN_FRAMEWORK_HEADER = YES;
				CLANG_WARN_RANGE_LOOP_ANALYSIS = YES;
				CLANG_WARN_STRICT_PROTOTYPES = YES;
				CLANG_WARN_SUSPICIOUS_MOVE = YES;
				CLANG_WARN_UNGUARDED_AVAILABILITY = YES_AGGRESSIVE;
				CLANG_WARN_UNREACHABLE_CODE = YES;
				CLANG_WARN__DUPLICATE_METHOD_MATCH = YES;
				COPY_PHASE_STRIP = NO;
				DEBUG_INFORMATION_FORMAT = dwarf;
				ENABLE_STRICT_OBJC_MSGSEND = YES;
				ENABLE_TESTABILITY = YES;
				GCC_C_LANGUAGE_STANDARD = gnu11;
				GCC_DYNAMIC_NO_PIC = NO;
				GCC_NO_COMMON_BLOCKS = YES;
				GCC_OPTIMIZATION_LEVEL = 0;
				GCC_PREPROCESSOR_DEFINITIONS = (
					"DEBUG=1",
					"$(inherited)",
				);
				GCC_WARN_64_TO_32_BIT_CONVERSION = YES;
				GCC_WARN_ABOUT_RETURN_TYPE = YES_ERROR;
				GCC_WARN_UNDECLARED_SELECTOR = YES;
				GCC_WARN_UNINITIALIZED_AUTOS = YES_AGGRESSIVE;
				GCC_WARN_UNUSED_FUNCTION = YES;
				GCC_WARN_UNUSED_VARIABLE = YES;
				IPHONEOS_DEPLOYMENT_TARGET = 16.4;
				MTL_ENABLE_DEBUG_INFO = INCLUDE_SOURCE;
				MTL_FAST_MATH = YES;
				ONLY_ACTIVE_ARCH = YES;
				SDKROOT = iphoneos;
				SWIFT_ACTIVE_COMPILATION_CONDITIONS = DEBUG;
				SWIFT_OPTIMIZATION_LEVEL = "-Onone";
			};
			name = Debug;
		};
		186BB1942ACC0E1200533FB4 /* Release */ = {
			isa = XCBuildConfiguration;
			buildSettings = {
				ALWAYS_SEARCH_USER_PATHS = NO;
				CLANG_ANALYZER_NONNULL = YES;
				CLANG_ANALYZER_NUMBER_OBJECT_CONVERSION = YES_AGGRESSIVE;
				CLANG_CXX_LANGUAGE_STANDARD = "gnu++20";
				CLANG_ENABLE_MODULES = YES;
				CLANG_ENABLE_OBJC_ARC = YES;
				CLANG_ENABLE_OBJC_WEAK = YES;
				CLANG_WARN_BLOCK_CAPTURE_AUTORELEASING = YES;
				CLANG_WARN_BOOL_CONVERSION = YES;
				CLANG_WARN_COMMA = YES;
				CLANG_WARN_CONSTANT_CONVERSION = YES;
				CLANG_WARN_DEPRECATED_OBJC_IMPLEMENTATIONS = YES;
				CLANG_WARN_DIRECT_OBJC_ISA_USAGE = YES_ERROR;
				CLANG_WARN_DOCUMENTATION_COMMENTS = YES;
				CLANG_WARN_EMPTY_BODY = YES;
				CLANG_WARN_ENUM_CONVERSION = YES;
				CLANG_WARN_INFINITE_RECURSION = YES;
				CLANG_WARN_INT_CONVERSION = YES;
				CLANG_WARN_NON_LITERAL_NULL_CONVERSION = YES;
				CLANG_WARN_OBJC_IMPLICIT_RETAIN_SELF = YES;
				CLANG_WARN_OBJC_LITERAL_CONVERSION = YES;
				CLANG_WARN_OBJC_ROOT_CLASS = YES_ERROR;
				CLANG_WARN_QUOTED_INCLUDE_IN_FRAMEWORK_HEADER = YES;
				CLANG_WARN_RANGE_LOOP_ANALYSIS = YES;
				CLANG_WARN_STRICT_PROTOTYPES = YES;
				CLANG_WARN_SUSPICIOUS_MOVE = YES;
				CLANG_WARN_UNGUARDED_AVAILABILITY = YES_AGGRESSIVE;
				CLANG_WARN_UNREACHABLE_CODE = YES;
				CLANG_WARN__DUPLICATE_METHOD_MATCH = YES;
				COPY_PHASE_STRIP = NO;
				DEBUG_INFORMATION_FORMAT = "dwarf-with-dsym";
				ENABLE_NS_ASSERTIONS = NO;
				ENABLE_STRICT_OBJC_MSGSEND = YES;
				GCC_C_LANGUAGE_STANDARD = gnu11;
				GCC_NO_COMMON_BLOCKS = YES;
				GCC_WARN_64_TO_32_BIT_CONVERSION = YES;
				GCC_WARN_ABOUT_RETURN_TYPE = YES_ERROR;
				GCC_WARN_UNDECLARED_SELECTOR = YES;
				GCC_WARN_UNINITIALIZED_AUTOS = YES_AGGRESSIVE;
				GCC_WARN_UNUSED_FUNCTION = YES;
				GCC_WARN_UNUSED_VARIABLE = YES;
				IPHONEOS_DEPLOYMENT_TARGET = 16.4;
				MTL_ENABLE_DEBUG_INFO = NO;
				MTL_FAST_MATH = YES;
				SDKROOT = iphoneos;
				SWIFT_COMPILATION_MODE = wholemodule;
				SWIFT_OPTIMIZATION_LEVEL = "-O";
				VALIDATE_PRODUCT = YES;
			};
			name = Release;
		};
		186BB1962ACC0E1200533FB4 /* Debug */ = {
			isa = XCBuildConfiguration;
			buildSettings = {
				ASSETCATALOG_COMPILER_APPICON_NAME = AppIcon;
				ASSETCATALOG_COMPILER_GLOBAL_ACCENT_COLOR_NAME = AccentColor;
				CODE_SIGN_STYLE = Automatic;
				CURRENT_PROJECT_VERSION = 1;
				DEVELOPMENT_ASSET_PATHS = "\"Flower/Preview Content\"";
				DEVELOPMENT_TEAM = P5JPX93769;
				ENABLE_PREVIEWS = YES;
				GENERATE_INFOPLIST_FILE = YES;
				INFOPLIST_KEY_UIApplicationSceneManifest_Generation = YES;
				INFOPLIST_KEY_UIApplicationSupportsIndirectInputEvents = YES;
				INFOPLIST_KEY_UILaunchScreen_Generation = YES;
				INFOPLIST_KEY_UISupportedInterfaceOrientations_iPad = "UIInterfaceOrientationPortrait UIInterfaceOrientationPortraitUpsideDown UIInterfaceOrientationLandscapeLeft UIInterfaceOrientationLandscapeRight";
				INFOPLIST_KEY_UISupportedInterfaceOrientations_iPhone = "UIInterfaceOrientationPortrait UIInterfaceOrientationLandscapeLeft UIInterfaceOrientationLandscapeRight";
				LD_RUNPATH_SEARCH_PATHS = (
					"$(inherited)",
					"@executable_path/Frameworks",
				);
				MARKETING_VERSION = 1.0;
				PRODUCT_BUNDLE_IDENTIFIER = ali.Flower;
				PRODUCT_NAME = "$(TARGET_NAME)";
				SWIFT_EMIT_LOC_STRINGS = YES;
				SWIFT_VERSION = 5.0;
				TARGETED_DEVICE_FAMILY = "1,2";
			};
			name = Debug;
		};
		186BB1972ACC0E1200533FB4 /* Release */ = {
			isa = XCBuildConfiguration;
			buildSettings = {
				ASSETCATALOG_COMPILER_APPICON_NAME = AppIcon;
				ASSETCATALOG_COMPILER_GLOBAL_ACCENT_COLOR_NAME = AccentColor;
				CODE_SIGN_STYLE = Automatic;
				CURRENT_PROJECT_VERSION = 1;
				DEVELOPMENT_ASSET_PATHS = "\"Flower/Preview Content\"";
				DEVELOPMENT_TEAM = P5JPX93769;
				ENABLE_PREVIEWS = YES;
				GENERATE_INFOPLIST_FILE = YES;
				INFOPLIST_KEY_UIApplicationSceneManifest_Generation = YES;
				INFOPLIST_KEY_UIApplicationSupportsIndirectInputEvents = YES;
				INFOPLIST_KEY_UILaunchScreen_Generation = YES;
				INFOPLIST_KEY_UISupportedInterfaceOrientations_iPad = "UIInterfaceOrientationPortrait UIInterfaceOrientationPortraitUpsideDown UIInterfaceOrientationLandscapeLeft UIInterfaceOrientationLandscapeRight";
				INFOPLIST_KEY_UISupportedInterfaceOrientations_iPhone = "UIInterfaceOrientationPortrait UIInterfaceOrientationLandscapeLeft UIInterfaceOrientationLandscapeRight";
				LD_RUNPATH_SEARCH_PATHS = (
					"$(inherited)",
					"@executable_path/Frameworks",
				);
				MARKETING_VERSION = 1.0;
				PRODUCT_BUNDLE_IDENTIFIER = ali.Flower;
				PRODUCT_NAME = "$(TARGET_NAME)";
				SWIFT_EMIT_LOC_STRINGS = YES;
				SWIFT_VERSION = 5.0;
				TARGETED_DEVICE_FAMILY = "1,2";
			};
			name = Release;
		};
/* End XCBuildConfiguration section */

/* Begin XCConfigurationList section */
		186BB1822ACC0E1000533FB4 /* Build configuration list for PBXProject "Flower" */ = {
			isa = XCConfigurationList;
			buildConfigurations = (
				186BB1932ACC0E1200533FB4 /* Debug */,
				186BB1942ACC0E1200533FB4 /* Release */,
			);
			defaultConfigurationIsVisible = 0;
			defaultConfigurationName = Release;
		};
		186BB1952ACC0E1200533FB4 /* Build configuration list for PBXNativeTarget "Flower" */ = {
			isa = XCConfigurationList;
			buildConfigurations = (
				186BB1962ACC0E1200533FB4 /* Debug */,
				186BB1972ACC0E1200533FB4 /* Release */,
			);
			defaultConfigurationIsVisible = 0;
			defaultConfigurationName = Release;
		};
/* End XCConfigurationList section */
	};
	rootObject = 186BB17F2ACC0E1000533FB4 /* Project object */;
}
